
Microsoft Visual Studio Solution File, Format Version 12.00
# Visual Studio Version 16
VisualStudioVersion = 16.0.29920.165
MinimumVisualStudioVersion = 10.0.40219.1
Project("{FAE04EC0-301F-11D3-BF4B-00C04F79EFBC}") = "Área de un rectangulo", "Área de un rectangulo\Área de un rectangulo.csproj", "{D75E0F9E-A5A9-4986-93DB-DC0886D99E7B}"
EndProject
Global
	GlobalSection(SolutionConfigurationPlatforms) = preSolution
		Debug|Any CPU = Debug|Any CPU
		Release|Any CPU = Release|Any CPU
	EndGlobalSection
	GlobalSection(ProjectConfigurationPlatforms) = postSolution
		{D75E0F9E-A5A9-4986-93DB-DC0886D99E7B}.Debug|Any CPU.ActiveCfg = Debug|Any CPU
		{D75E0F9E-A5A9-4986-93DB-DC0886D99E7B}.Debug|Any CPU.Build.0 = Debug|Any CPU
		{D75E0F9E-A5A9-4986-93DB-DC0886D99E7B}.Release|Any CPU.ActiveCfg = Release|Any CPU
		{D75E0F9E-A5A9-4986-93DB-DC0886D99E7B}.Release|Any CPU.Build.0 = Release|Any CPU
	EndGlobalSection
	GlobalSection(SolutionProperties) = preSolution
		HideSolutionNode = FALSE
	EndGlobalSection
	GlobalSection(ExtensibilityGlobals) = postSolution
		SolutionGuid = {7B7A46BA-7BDD-4966-96A7-99874439FE0C}
	EndGlobalSection
EndGlobal
