
Microsoft Visual Studio Solution File, Format Version 12.00
# Visual Studio Version 16
VisualStudioVersion = 16.0.29920.165
MinimumVisualStudioVersion = 10.0.40219.1
Project("{FAE04EC0-301F-11D3-BF4B-00C04F79EFBC}") = "La clase Math para los numeros", "La clase Math para los numeros\La clase Math para los numeros.csproj", "{6D9C4DAB-A3E0-4981-AF68-E765E068ACB7}"
EndProject
Global
	GlobalSection(SolutionConfigurationPlatforms) = preSolution
		Debug|Any CPU = Debug|Any CPU
		Release|Any CPU = Release|Any CPU
	EndGlobalSection
	GlobalSection(ProjectConfigurationPlatforms) = postSolution
		{6D9C4DAB-A3E0-4981-AF68-E765E068ACB7}.Debug|Any CPU.ActiveCfg = Debug|Any CPU
		{6D9C4DAB-A3E0-4981-AF68-E765E068ACB7}.Debug|Any CPU.Build.0 = Debug|Any CPU
		{6D9C4DAB-A3E0-4981-AF68-E765E068ACB7}.Release|Any CPU.ActiveCfg = Release|Any CPU
		{6D9C4DAB-A3E0-4981-AF68-E765E068ACB7}.Release|Any CPU.Build.0 = Release|Any CPU
	EndGlobalSection
	GlobalSection(SolutionProperties) = preSolution
		HideSolutionNode = FALSE
	EndGlobalSection
	GlobalSection(ExtensibilityGlobals) = postSolution
		SolutionGuid = {844FC762-622D-4F76-B87D-04B8AD61A061}
	EndGlobalSection
EndGlobal
