
Microsoft Visual Studio Solution File, Format Version 12.00
# Visual Studio Version 16
VisualStudioVersion = 16.0.29920.165
MinimumVisualStudioVersion = 10.0.40219.1
Project("{FAE04EC0-301F-11D3-BF4B-00C04F79EFBC}") = "Ejercicio descuento", "Ejercicio descuento\Ejercicio descuento.csproj", "{47421DE5-EB47-40F6-8C20-8AD72DD7C99E}"
EndProject
Global
	GlobalSection(SolutionConfigurationPlatforms) = preSolution
		Debug|Any CPU = Debug|Any CPU
		Release|Any CPU = Release|Any CPU
	EndGlobalSection
	GlobalSection(ProjectConfigurationPlatforms) = postSolution
		{47421DE5-EB47-40F6-8C20-8AD72DD7C99E}.Debug|Any CPU.ActiveCfg = Debug|Any CPU
		{47421DE5-EB47-40F6-8C20-8AD72DD7C99E}.Debug|Any CPU.Build.0 = Debug|Any CPU
		{47421DE5-EB47-40F6-8C20-8AD72DD7C99E}.Release|Any CPU.ActiveCfg = Release|Any CPU
		{47421DE5-EB47-40F6-8C20-8AD72DD7C99E}.Release|Any CPU.Build.0 = Release|Any CPU
	EndGlobalSection
	GlobalSection(SolutionProperties) = preSolution
		HideSolutionNode = FALSE
	EndGlobalSection
	GlobalSection(ExtensibilityGlobals) = postSolution
		SolutionGuid = {827AB298-B3E1-4E95-B375-30739B6A2518}
	EndGlobalSection
EndGlobal
