
Microsoft Visual Studio Solution File, Format Version 12.00
# Visual Studio Version 16
VisualStudioVersion = 16.0.29920.165
MinimumVisualStudioVersion = 10.0.40219.1
Project("{FAE04EC0-301F-11D3-BF4B-00C04F79EFBC}") = "Array usando acumuladores y contadores", "Array usando acumuladores y contadores\Array usando acumuladores y contadores.csproj", "{08730300-643C-410D-9600-C37308A80CF6}"
EndProject
Global
	GlobalSection(SolutionConfigurationPlatforms) = preSolution
		Debug|Any CPU = Debug|Any CPU
		Release|Any CPU = Release|Any CPU
	EndGlobalSection
	GlobalSection(ProjectConfigurationPlatforms) = postSolution
		{08730300-643C-410D-9600-C37308A80CF6}.Debug|Any CPU.ActiveCfg = Debug|Any CPU
		{08730300-643C-410D-9600-C37308A80CF6}.Debug|Any CPU.Build.0 = Debug|Any CPU
		{08730300-643C-410D-9600-C37308A80CF6}.Release|Any CPU.ActiveCfg = Release|Any CPU
		{08730300-643C-410D-9600-C37308A80CF6}.Release|Any CPU.Build.0 = Release|Any CPU
	EndGlobalSection
	GlobalSection(SolutionProperties) = preSolution
		HideSolutionNode = FALSE
	EndGlobalSection
	GlobalSection(ExtensibilityGlobals) = postSolution
		SolutionGuid = {150B997C-CC9A-4E2A-8CC6-9AEE26889CB9}
	EndGlobalSection
EndGlobal
