
Microsoft Visual Studio Solution File, Format Version 12.00
# Visual Studio Version 16
VisualStudioVersion = 16.0.29920.165
MinimumVisualStudioVersion = 10.0.40219.1
Project("{FAE04EC0-301F-11D3-BF4B-00C04F79EFBC}") = "Ejercicio descuento switch", "Ejercicio descuento switch\Ejercicio descuento switch.csproj", "{EFDDB16B-B62A-4D6C-9606-620D57EB0F29}"
EndProject
Global
	GlobalSection(SolutionConfigurationPlatforms) = preSolution
		Debug|Any CPU = Debug|Any CPU
		Release|Any CPU = Release|Any CPU
	EndGlobalSection
	GlobalSection(ProjectConfigurationPlatforms) = postSolution
		{EFDDB16B-B62A-4D6C-9606-620D57EB0F29}.Debug|Any CPU.ActiveCfg = Debug|Any CPU
		{EFDDB16B-B62A-4D6C-9606-620D57EB0F29}.Debug|Any CPU.Build.0 = Debug|Any CPU
		{EFDDB16B-B62A-4D6C-9606-620D57EB0F29}.Release|Any CPU.ActiveCfg = Release|Any CPU
		{EFDDB16B-B62A-4D6C-9606-620D57EB0F29}.Release|Any CPU.Build.0 = Release|Any CPU
	EndGlobalSection
	GlobalSection(SolutionProperties) = preSolution
		HideSolutionNode = FALSE
	EndGlobalSection
	GlobalSection(ExtensibilityGlobals) = postSolution
		SolutionGuid = {F6E45D4E-E6BA-4505-8E96-8A847F0F8AD5}
	EndGlobalSection
EndGlobal
