
Microsoft Visual Studio Solution File, Format Version 12.00
# Visual Studio Version 16
VisualStudioVersion = 16.0.29920.165
MinimumVisualStudioVersion = 10.0.40219.1
Project("{FAE04EC0-301F-11D3-BF4B-00C04F79EFBC}") = "Triple de un numero", "Triple de un numero\Triple de un numero.csproj", "{962FF8BD-F8FB-45D3-865A-131E487E58B7}"
EndProject
Global
	GlobalSection(SolutionConfigurationPlatforms) = preSolution
		Debug|Any CPU = Debug|Any CPU
		Release|Any CPU = Release|Any CPU
	EndGlobalSection
	GlobalSection(ProjectConfigurationPlatforms) = postSolution
		{962FF8BD-F8FB-45D3-865A-131E487E58B7}.Debug|Any CPU.ActiveCfg = Debug|Any CPU
		{962FF8BD-F8FB-45D3-865A-131E487E58B7}.Debug|Any CPU.Build.0 = Debug|Any CPU
		{962FF8BD-F8FB-45D3-865A-131E487E58B7}.Release|Any CPU.ActiveCfg = Release|Any CPU
		{962FF8BD-F8FB-45D3-865A-131E487E58B7}.Release|Any CPU.Build.0 = Release|Any CPU
	EndGlobalSection
	GlobalSection(SolutionProperties) = preSolution
		HideSolutionNode = FALSE
	EndGlobalSection
	GlobalSection(ExtensibilityGlobals) = postSolution
		SolutionGuid = {08791133-5F30-4225-9DD7-193126ED7261}
	EndGlobalSection
EndGlobal
