
Microsoft Visual Studio Solution File, Format Version 12.00
# Visual Studio Version 16
VisualStudioVersion = 16.0.29920.165
MinimumVisualStudioVersion = 10.0.40219.1
Project("{FAE04EC0-301F-11D3-BF4B-00C04F79EFBC}") = "Tarea 3", "Tarea 3\Tarea 3.csproj", "{9F745409-0E9C-40D8-ACB8-A87843CD0041}"
EndProject
Global
	GlobalSection(SolutionConfigurationPlatforms) = preSolution
		Debug|Any CPU = Debug|Any CPU
		Release|Any CPU = Release|Any CPU
	EndGlobalSection
	GlobalSection(ProjectConfigurationPlatforms) = postSolution
		{9F745409-0E9C-40D8-ACB8-A87843CD0041}.Debug|Any CPU.ActiveCfg = Debug|Any CPU
		{9F745409-0E9C-40D8-ACB8-A87843CD0041}.Debug|Any CPU.Build.0 = Debug|Any CPU
		{9F745409-0E9C-40D8-ACB8-A87843CD0041}.Release|Any CPU.ActiveCfg = Release|Any CPU
		{9F745409-0E9C-40D8-ACB8-A87843CD0041}.Release|Any CPU.Build.0 = Release|Any CPU
	EndGlobalSection
	GlobalSection(SolutionProperties) = preSolution
		HideSolutionNode = FALSE
	EndGlobalSection
	GlobalSection(ExtensibilityGlobals) = postSolution
		SolutionGuid = {912969D5-EDF0-456B-A718-D3E4CA1E5E78}
	EndGlobalSection
EndGlobal
